// !$*UTF8*$!
{
	archiveVersion = 1;
	classes = {
	};
	objectVersion = 46;
	objects = {

/* Begin PBXBuildFile section */
		36F364431CDD684D00F8CB0A /* AppDelegate.swift in Sources */ = {isa = PBXBuildFile; fileRef = 36F364421CDD684D00F8CB0A /* AppDelegate.swift */; };
		36F364451CDD684D00F8CB0A /* ViewController.swift in Sources */ = {isa = PBXBuildFile; fileRef = 36F364441CDD684D00F8CB0A /* ViewController.swift */; };
		36F364481CDD684D00F8CB0A /* Main.storyboard in Resources */ = {isa = PBXBuildFile; fileRef = 36F364461CDD684D00F8CB0A /* Main.storyboard */; };
		36F3644A1CDD684E00F8CB0A /* Assets.xcassets in Resources */ = {isa = PBXBuildFile; fileRef = 36F364491CDD684E00F8CB0A /* Assets.xcassets */; };
		36F364551CDD684E00F8CB0A /* PopularMoviesTests.swift in Sources */ = {isa = PBXBuildFile; fileRef = 36F364541CDD684E00F8CB0A /* PopularMoviesTests.swift */; };
		36F364601CDD684E00F8CB0A /* PopularMoviesUITests.swift in Sources */ = {isa = PBXBuildFile; fileRef = 36F3645F1CDD684E00F8CB0A /* PopularMoviesUITests.swift */; };
		36F3646E1CDD6AA300F8CB0A /* MovieCell.swift in Sources */ = {isa = PBXBuildFile; fileRef = 36F3646D1CDD6AA300F8CB0A /* MovieCell.swift */; };
		36F364701CDD6D3700F8CB0A /* MovieManager.swift in Sources */ = {isa = PBXBuildFile; fileRef = 36F3646F1CDD6D3700F8CB0A /* MovieManager.swift */; };
		36F364721CDD701B00F8CB0A /* Movie.swift in Sources */ = {isa = PBXBuildFile; fileRef = 36F364711CDD701B00F8CB0A /* Movie.swift */; };
/* End PBXBuildFile section */

/* Begin PBXContainerItemProxy section */
		36F364511CDD684E00F8CB0A /* PBXContainerItemProxy */ = {
			isa = PBXContainerItemProxy;
			containerPortal = 36F364371CDD684D00F8CB0A /* Project object */;
			proxyType = 1;
			remoteGlobalIDString = 36F3643E1CDD684D00F8CB0A;
			remoteInfo = PopularMovies;
		};
		36F3645C1CDD684E00F8CB0A /* PBXContainerItemProxy */ = {
			isa = PBXContainerItemProxy;
			containerPortal = 36F364371CDD684D00F8CB0A /* Project object */;
			proxyType = 1;
			remoteGlobalIDString = 36F3643E1CDD684D00F8CB0A;
			remoteInfo = PopularMovies;
		};
/* End PBXContainerItemProxy section */

/* Begin PBXFileReference section */
		36F3643F1CDD684D00F8CB0A /* PopularMovies.app */ = {isa = PBXFileReference; explicitFileType = wrapper.application; includeInIndex = 0; path = PopularMovies.app; sourceTree = BUILT_PRODUCTS_DIR; };
		36F364421CDD684D00F8CB0A /* AppDelegate.swift */ = {isa = PBXFileReference; lastKnownFileType = sourcecode.swift; path = AppDelegate.swift; sourceTree = "<group>"; };
		36F364441CDD684D00F8CB0A /* ViewController.swift */ = {isa = PBXFileReference; lastKnownFileType = sourcecode.swift; path = ViewController.swift; sourceTree = "<group>"; };
		36F364471CDD684D00F8CB0A /* Base */ = {isa = PBXFileReference; lastKnownFileType = file.storyboard; name = Base; path = Base.lproj/Main.storyboard; sourceTree = "<group>"; };
		36F364491CDD684E00F8CB0A /* Assets.xcassets */ = {isa = PBXFileReference; lastKnownFileType = folder.assetcatalog; path = Assets.xcassets; sourceTree = "<group>"; };
		36F3644B1CDD684E00F8CB0A /* Info.plist */ = {isa = PBXFileReference; lastKnownFileType = text.plist.xml; path = Info.plist; sourceTree = "<group>"; };
		36F364501CDD684E00F8CB0A /* PopularMoviesTests.xctest */ = {isa = PBXFileReference; explicitFileType = wrapper.cfbundle; includeInIndex = 0; path = PopularMoviesTests.xctest; sourceTree = BUILT_PRODUCTS_DIR; };
		36F364541CDD684E00F8CB0A /* PopularMoviesTests.swift */ = {isa = PBXFileReference; lastKnownFileType = sourcecode.swift; path = PopularMoviesTests.swift; sourceTree = "<group>"; };
		36F364561CDD684E00F8CB0A /* Info.plist */ = {isa = PBXFileReference; lastKnownFileType = text.plist.xml; path = Info.plist; sourceTree = "<group>"; };
		36F3645B1CDD684E00F8CB0A /* PopularMoviesUITests.xctest */ = {isa = PBXFileReference; explicitFileType = wrapper.cfbundle; includeInIndex = 0; path = PopularMoviesUITests.xctest; sourceTree = BUILT_PRODUCTS_DIR; };
		36F3645F1CDD684E00F8CB0A /* PopularMoviesUITests.swift */ = {isa = PBXFileReference; lastKnownFileType = sourcecode.swift; path = PopularMoviesUITests.swift; sourceTree = "<group>"; };
		36F364611CDD684E00F8CB0A /* Info.plist */ = {isa = PBXFileReference; lastKnownFileType = text.plist.xml; path = Info.plist; sourceTree = "<group>"; };
		36F3646D1CDD6AA300F8CB0A /* MovieCell.swift */ = {isa = PBXFileReference; fileEncoding = 4; lastKnownFileType = sourcecode.swift; path = MovieCell.swift; sourceTree = "<group>"; };
		36F3646F1CDD6D3700F8CB0A /* MovieManager.swift */ = {isa = PBXFileReference; fileEncoding = 4; lastKnownFileType = sourcecode.swift; path = MovieManager.swift; sourceTree = "<group>"; };
		36F364711CDD701B00F8CB0A /* Movie.swift */ = {isa = PBXFileReference; fileEncoding = 4; lastKnownFileType = sourcecode.swift; path = Movie.swift; sourceTree = "<group>"; };
/* End PBXFileReference section */

/* Begin PBXFrameworksBuildPhase section */
		36F3643C1CDD684D00F8CB0A /* Frameworks */ = {
			isa = PBXFrameworksBuildPhase;
			buildActionMask = 2147483647;
			files = (
			);
			runOnlyForDeploymentPostprocessing = 0;
		};
		36F3644D1CDD684E00F8CB0A /* Frameworks */ = {
			isa = PBXFrameworksBuildPhase;
			buildActionMask = 2147483647;
			files = (
			);
			runOnlyForDeploymentPostprocessing = 0;
		};
		36F364581CDD684E00F8CB0A /* Frameworks */ = {
			isa = PBXFrameworksBuildPhase;
			buildActionMask = 2147483647;
			files = (
			);
			runOnlyForDeploymentPostprocessing = 0;
		};
/* End PBXFrameworksBuildPhase section */

/* Begin PBXGroup section */
		365BC9C71CDE228C0019E5E0 /* Models */ = {
			isa = PBXGroup;
			children = (
				36F364711CDD701B00F8CB0A /* Movie.swift */,
			);
			name = Models;
			sourceTree = "<group>";
		};
		365BC9C81CDE22980019E5E0 /* Views */ = {
			isa = PBXGroup;
			children = (
				36F364441CDD684D00F8CB0A /* ViewController.swift */,
				36F3646D1CDD6AA300F8CB0A /* MovieCell.swift */,
			);
			name = Views;
			sourceTree = "<group>";
		};
		365BC9C91CDE22B60019E5E0 /* Managers */ = {
			isa = PBXGroup;
			children = (
				36F3646F1CDD6D3700F8CB0A /* MovieManager.swift */,
			);
			name = Managers;
			sourceTree = "<group>";
		};
		365BC9CA1CDE22C60019E5E0 /* Resources */ = {
			isa = PBXGroup;
			children = (
				36F364461CDD684D00F8CB0A /* Main.storyboard */,
				36F364491CDD684E00F8CB0A /* Assets.xcassets */,
				36F3644B1CDD684E00F8CB0A /* Info.plist */,
			);
			name = Resources;
			sourceTree = "<group>";
		};
		36F364361CDD684D00F8CB0A = {
			isa = PBXGroup;
			children = (
				36F364411CDD684D00F8CB0A /* PopularMovies */,
				36F364531CDD684E00F8CB0A /* PopularMoviesTests */,
				36F3645E1CDD684E00F8CB0A /* PopularMoviesUITests */,
				36F364401CDD684D00F8CB0A /* Products */,
			);
			sourceTree = "<group>";
		};
		36F364401CDD684D00F8CB0A /* Products */ = {
			isa = PBXGroup;
			children = (
				36F3643F1CDD684D00F8CB0A /* PopularMovies.app */,
				36F364501CDD684E00F8CB0A /* PopularMoviesTests.xctest */,
				36F3645B1CDD684E00F8CB0A /* PopularMoviesUITests.xctest */,
			);
			name = Products;
			sourceTree = "<group>";
		};
		36F364411CDD684D00F8CB0A /* PopularMovies */ = {
			isa = PBXGroup;
			children = (
				36F364421CDD684D00F8CB0A /* AppDelegate.swift */,
				365BC9C91CDE22B60019E5E0 /* Managers */,
				365BC9C71CDE228C0019E5E0 /* Models */,
				365BC9CA1CDE22C60019E5E0 /* Resources */,
				365BC9C81CDE22980019E5E0 /* Views */,
			);
			path = PopularMovies;
			sourceTree = "<group>";
		};
		36F364531CDD684E00F8CB0A /* PopularMoviesTests */ = {
			isa = PBXGroup;
			children = (
				36F364541CDD684E00F8CB0A /* PopularMoviesTests.swift */,
				36F364561CDD684E00F8CB0A /* Info.plist */,
			);
			path = PopularMoviesTests;
			sourceTree = "<group>";
		};
		36F3645E1CDD684E00F8CB0A /* PopularMoviesUITests */ = {
			isa = PBXGroup;
			children = (
				36F3645F1CDD684E00F8CB0A /* PopularMoviesUITests.swift */,
				36F364611CDD684E00F8CB0A /* Info.plist */,
			);
			path = PopularMoviesUITests;
			sourceTree = "<group>";
		};
/* End PBXGroup section */

/* Begin PBXNativeTarget section */
		36F3643E1CDD684D00F8CB0A /* PopularMovies */ = {
			isa = PBXNativeTarget;
			buildConfigurationList = 36F364641CDD684E00F8CB0A /* Build configuration list for PBXNativeTarget "PopularMovies" */;
			buildPhases = (
				36F3643B1CDD684D00F8CB0A /* Sources */,
				36F3643C1CDD684D00F8CB0A /* Frameworks */,
				36F3643D1CDD684D00F8CB0A /* Resources */,
			);
			buildRules = (
			);
			dependencies = (
			);
			name = PopularMovies;
			productName = PopularMovies;
			productReference = 36F3643F1CDD684D00F8CB0A /* PopularMovies.app */;
			productType = "com.apple.product-type.application";
		};
		36F3644F1CDD684E00F8CB0A /* PopularMoviesTests */ = {
			isa = PBXNativeTarget;
			buildConfigurationList = 36F364671CDD684E00F8CB0A /* Build configuration list for PBXNativeTarget "PopularMoviesTests" */;
			buildPhases = (
				36F3644C1CDD684E00F8CB0A /* Sources */,
				36F3644D1CDD684E00F8CB0A /* Frameworks */,
				36F3644E1CDD684E00F8CB0A /* Resources */,
			);
			buildRules = (
			);
			dependencies = (
				36F364521CDD684E00F8CB0A /* PBXTargetDependency */,
			);
			name = PopularMoviesTests;
			productName = PopularMoviesTests;
			productReference = 36F364501CDD684E00F8CB0A /* PopularMoviesTests.xctest */;
			productType = "com.apple.product-type.bundle.unit-test";
		};
		36F3645A1CDD684E00F8CB0A /* PopularMoviesUITests */ = {
			isa = PBXNativeTarget;
			buildConfigurationList = 36F3646A1CDD684E00F8CB0A /* Build configuration list for PBXNativeTarget "PopularMoviesUITests" */;
			buildPhases = (
				36F364571CDD684E00F8CB0A /* Sources */,
				36F364581CDD684E00F8CB0A /* Frameworks */,
				36F364591CDD684E00F8CB0A /* Resources */,
			);
			buildRules = (
			);
			dependencies = (
				36F3645D1CDD684E00F8CB0A /* PBXTargetDependency */,
			);
			name = PopularMoviesUITests;
			productName = PopularMoviesUITests;
			productReference = 36F3645B1CDD684E00F8CB0A /* PopularMoviesUITests.xctest */;
			productType = "com.apple.product-type.bundle.ui-testing";
		};
/* End PBXNativeTarget section */

/* Begin PBXProject section */
		36F364371CDD684D00F8CB0A /* Project object */ = {
			isa = PBXProject;
			attributes = {
				LastSwiftUpdateCheck = 0730;
				LastUpgradeCheck = 0730;
				ORGANIZATIONNAME = "Eric Internicola";
				TargetAttributes = {
					36F3643E1CDD684D00F8CB0A = {
						CreatedOnToolsVersion = 7.3;
					};
					36F3644F1CDD684E00F8CB0A = {
						CreatedOnToolsVersion = 7.3;
						TestTargetID = 36F3643E1CDD684D00F8CB0A;
					};
					36F3645A1CDD684E00F8CB0A = {
						CreatedOnToolsVersion = 7.3;
						TestTargetID = 36F3643E1CDD684D00F8CB0A;
					};
				};
			};
			buildConfigurationList = 36F3643A1CDD684D00F8CB0A /* Build configuration list for PBXProject "PopularMovies" */;
			compatibilityVersion = "Xcode 3.2";
			developmentRegion = English;
			hasScannedForEncodings = 0;
			knownRegions = (
				en,
				Base,
			);
			mainGroup = 36F364361CDD684D00F8CB0A;
			productRefGroup = 36F364401CDD684D00F8CB0A /* Products */;
			projectDirPath = "";
			projectRoot = "";
			targets = (
				36F3643E1CDD684D00F8CB0A /* PopularMovies */,
				36F3644F1CDD684E00F8CB0A /* PopularMoviesTests */,
				36F3645A1CDD684E00F8CB0A /* PopularMoviesUITests */,
			);
		};
/* End PBXProject section */

/* Begin PBXResourcesBuildPhase section */
		36F3643D1CDD684D00F8CB0A /* Resources */ = {
			isa = PBXResourcesBuildPhase;
			buildActionMask = 2147483647;
			files = (
				36F3644A1CDD684E00F8CB0A /* Assets.xcassets in Resources */,
				36F364481CDD684D00F8CB0A /* Main.storyboard in Resources */,
			);
			runOnlyForDeploymentPostprocessing = 0;
		};
		36F3644E1CDD684E00F8CB0A /* Resources */ = {
			isa = PBXResourcesBuildPhase;
			buildActionMask = 2147483647;
			files = (
			);
			runOnlyForDeploymentPostprocessing = 0;
		};
		36F364591CDD684E00F8CB0A /* Resources */ = {
			isa = PBXResourcesBuildPhase;
			buildActionMask = 2147483647;
			files = (
			);
			runOnlyForDeploymentPostprocessing = 0;
		};
/* End PBXResourcesBuildPhase section */

/* Begin PBXSourcesBuildPhase section */
		36F3643B1CDD684D00F8CB0A /* Sources */ = {
			isa = PBXSourcesBuildPhase;
			buildActionMask = 2147483647;
			files = (
				36F364701CDD6D3700F8CB0A /* MovieManager.swift in Sources */,
				36F364451CDD684D00F8CB0A /* ViewController.swift in Sources */,
				36F364431CDD684D00F8CB0A /* AppDelegate.swift in Sources */,
				36F3646E1CDD6AA300F8CB0A /* MovieCell.swift in Sources */,
				36F364721CDD701B00F8CB0A /* Movie.swift in Sources */,
			);
			runOnlyForDeploymentPostprocessing = 0;
		};
		36F3644C1CDD684E00F8CB0A /* Sources */ = {
			isa = PBXSourcesBuildPhase;
			buildActionMask = 2147483647;
			files = (
				36F364551CDD684E00F8CB0A /* PopularMoviesTests.swift in Sources */,
			);
			runOnlyForDeploymentPostprocessing = 0;
		};
		36F364571CDD684E00F8CB0A /* Sources */ = {
			isa = PBXSourcesBuildPhase;
			buildActionMask = 2147483647;
			files = (
				36F364601CDD684E00F8CB0A /* PopularMoviesUITests.swift in Sources */,
			);
			runOnlyForDeploymentPostprocessing = 0;
		};
/* End PBXSourcesBuildPhase section */

/* Begin PBXTargetDependency section */
		36F364521CDD684E00F8CB0A /* PBXTargetDependency */ = {
			isa = PBXTargetDependency;
			target = 36F3643E1CDD684D00F8CB0A /* PopularMovies */;
			targetProxy = 36F364511CDD684E00F8CB0A /* PBXContainerItemProxy */;
		};
		36F3645D1CDD684E00F8CB0A /* PBXTargetDependency */ = {
			isa = PBXTargetDependency;
			target = 36F3643E1CDD684D00F8CB0A /* PopularMovies */;
			targetProxy = 36F3645C1CDD684E00F8CB0A /* PBXContainerItemProxy */;
		};
/* End PBXTargetDependency section */

/* Begin PBXVariantGroup section */
		36F364461CDD684D00F8CB0A /* Main.storyboard */ = {
			isa = PBXVariantGroup;
			children = (
				36F364471CDD684D00F8CB0A /* Base */,
			);
			name = Main.storyboard;
			sourceTree = "<group>";
		};
/* End PBXVariantGroup section */

/* Begin XCBuildConfiguration section */
		36F364621CDD684E00F8CB0A /* Debug */ = {
			isa = XCBuildConfiguration;
			buildSettings = {
				ALWAYS_SEARCH_USER_PATHS = NO;
				CLANG_ANALYZER_NONNULL = YES;
				CLANG_CXX_LANGUAGE_STANDARD = "gnu++0x";
				CLANG_CXX_LIBRARY = "libc++";
				CLANG_ENABLE_MODULES = YES;
				CLANG_ENABLE_OBJC_ARC = YES;
				CLANG_WARN_BOOL_CONVERSION = YES;
				CLANG_WARN_CONSTANT_CONVERSION = YES;
				CLANG_WARN_DIRECT_OBJC_ISA_USAGE = YES_ERROR;
				CLANG_WARN_EMPTY_BODY = YES;
				CLANG_WARN_ENUM_CONVERSION = YES;
				CLANG_WARN_INT_CONVERSION = YES;
				CLANG_WARN_OBJC_ROOT_CLASS = YES_ERROR;
				CLANG_WARN_UNREACHABLE_CODE = YES;
				CLANG_WARN__DUPLICATE_METHOD_MATCH = YES;
				COPY_PHASE_STRIP = NO;
				DEBUG_INFORMATION_FORMAT = dwarf;
				ENABLE_STRICT_OBJC_MSGSEND = YES;
				ENABLE_TESTABILITY = YES;
				GCC_C_LANGUAGE_STANDARD = gnu99;
				GCC_DYNAMIC_NO_PIC = NO;
				GCC_NO_COMMON_BLOCKS = YES;
				GCC_OPTIMIZATION_LEVEL = 0;
				GCC_PREPROCESSOR_DEFINITIONS = (
					"DEBUG=1",
					"$(inherited)",
				);
				GCC_WARN_64_TO_32_BIT_CONVERSION = YES;
				GCC_WARN_ABOUT_RETURN_TYPE = YES_ERROR;
				GCC_WARN_UNDECLARED_SELECTOR = YES;
				GCC_WARN_UNINITIALIZED_AUTOS = YES_AGGRESSIVE;
				GCC_WARN_UNUSED_FUNCTION = YES;
				GCC_WARN_UNUSED_VARIABLE = YES;
				MTL_ENABLE_DEBUG_INFO = YES;
				ONLY_ACTIVE_ARCH = YES;
				SDKROOT = appletvos;
				SWIFT_OPTIMIZATION_LEVEL = "-Onone";
				TARGETED_DEVICE_FAMILY = 3;
				TVOS_DEPLOYMENT_TARGET = 9.2;
			};
			name = Debug;
		};
		36F364631CDD684E00F8CB0A /* Release */ = {
			isa = XCBuildConfiguration;
			buildSettings = {
				ALWAYS_SEARCH_USER_PATHS = NO;
				CLANG_ANALYZER_NONNULL = YES;
				CLANG_CXX_LANGUAGE_STANDARD = "gnu++0x";
				CLANG_CXX_LIBRARY = "libc++";
				CLANG_ENABLE_MODULES = YES;
				CLANG_ENABLE_OBJC_ARC = YES;
				CLANG_WARN_BOOL_CONVERSION = YES;
				CLANG_WARN_CONSTANT_CONVERSION = YES;
				CLANG_WARN_DIRECT_OBJC_ISA_USAGE = YES_ERROR;
				CLANG_WARN_EMPTY_BODY = YES;
				CLANG_WARN_ENUM_CONVERSION = YES;
				CLANG_WARN_INT_CONVERSION = YES;
				CLANG_WARN_OBJC_ROOT_CLASS = YES_ERROR;
				CLANG_WARN_UNREACHABLE_CODE = YES;
				CLANG_WARN__DUPLICATE_METHOD_MATCH = YES;
				COPY_PHASE_STRIP = NO;
				DEBUG_INFORMATION_FORMAT = "dwarf-with-dsym";
				ENABLE_NS_ASSERTIONS = NO;
				ENABLE_STRICT_OBJC_MSGSEND = YES;
				GCC_C_LANGUAGE_STANDARD = gnu99;
				GCC_NO_COMMON_BLOCKS = YES;
				GCC_WARN_64_TO_32_BIT_CONVERSION = YES;
				GCC_WARN_ABOUT_RETURN_TYPE = YES_ERROR;
				GCC_WARN_UNDECLARED_SELECTOR = YES;
				GCC_WARN_UNINITIALIZED_AUTOS = YES_AGGRESSIVE;
				GCC_WARN_UNUSED_FUNCTION = YES;
				GCC_WARN_UNUSED_VARIABLE = YES;
				MTL_ENABLE_DEBUG_INFO = NO;
				SDKROOT = appletvos;
				TARGETED_DEVICE_FAMILY = 3;
				TVOS_DEPLOYMENT_TARGET = 9.2;
				VALIDATE_PRODUCT = YES;
			};
			name = Release;
		};
		36F364651CDD684E00F8CB0A /* Debug */ = {
			isa = XCBuildConfiguration;
			buildSettings = {
				ASSETCATALOG_COMPILER_APPICON_NAME = "App Icon & Top Shelf Image";
				ASSETCATALOG_COMPILER_LAUNCHIMAGE_NAME = LaunchImage;
				INFOPLIST_FILE = PopularMovies/Info.plist;
				LD_RUNPATH_SEARCH_PATHS = "$(inherited) @executable_path/Frameworks";
				PRODUCT_BUNDLE_IDENTIFIER = com.colasoft.PopularMovies;
				PRODUCT_NAME = "$(TARGET_NAME)";
			};
			name = Debug;
		};
		36F364661CDD684E00F8CB0A /* Release */ = {
			isa = XCBuildConfiguration;
			buildSettings = {
				ASSETCATALOG_COMPILER_APPICON_NAME = "App Icon & Top Shelf Image";
				ASSETCATALOG_COMPILER_LAUNCHIMAGE_NAME = LaunchImage;
				INFOPLIST_FILE = PopularMovies/Info.plist;
				LD_RUNPATH_SEARCH_PATHS = "$(inherited) @executable_path/Frameworks";
				PRODUCT_BUNDLE_IDENTIFIER = com.colasoft.PopularMovies;
				PRODUCT_NAME = "$(TARGET_NAME)";
			};
			name = Release;
		};
		36F364681CDD684E00F8CB0A /* Debug */ = {
			isa = XCBuildConfiguration;
			buildSettings = {
				BUNDLE_LOADER = "$(TEST_HOST)";
				INFOPLIST_FILE = PopularMoviesTests/Info.plist;
				LD_RUNPATH_SEARCH_PATHS = "$(inherited) @executable_path/Frameworks @loader_path/Frameworks";
				PRODUCT_BUNDLE_IDENTIFIER = com.colasoft.PopularMoviesTests;
				PRODUCT_NAME = "$(TARGET_NAME)";
				TEST_HOST = "$(BUILT_PRODUCTS_DIR)/PopularMovies.app/PopularMovies";
			};
			name = Debug;
		};
		36F364691CDD684E00F8CB0A /* Release */ = {
			isa = XCBuildConfiguration;
			buildSettings = {
				BUNDLE_LOADER = "$(TEST_HOST)";
				INFOPLIST_FILE = PopularMoviesTests/Info.plist;
				LD_RUNPATH_SEARCH_PATHS = "$(inherited) @executable_path/Frameworks @loader_path/Frameworks";
				PRODUCT_BUNDLE_IDENTIFIER = com.colasoft.PopularMoviesTests;
				PRODUCT_NAME = "$(TARGET_NAME)";
				TEST_HOST = "$(BUILT_PRODUCTS_DIR)/PopularMovies.app/PopularMovies";
			};
			name = Release;
		};
		36F3646B1CDD684E00F8CB0A /* Debug */ = {
			isa = XCBuildConfiguration;
			buildSettings = {
				INFOPLIST_FILE = PopularMoviesUITests/Info.plist;
				LD_RUNPATH_SEARCH_PATHS = "$(inherited) @executable_path/Frameworks @loader_path/Frameworks";
				PRODUCT_BUNDLE_IDENTIFIER = com.colasoft.PopularMoviesUITests;
				PRODUCT_NAME = "$(TARGET_NAME)";
				TEST_TARGET_NAME = PopularMovies;
			};
			name = Debug;
		};
		36F3646C1CDD684E00F8CB0A /* Release */ = {
			isa = XCBuildConfiguration;
			buildSettings = {
				INFOPLIST_FILE = PopularMoviesUITests/Info.plist;
				LD_RUNPATH_SEARCH_PATHS = "$(inherited) @executable_path/Frameworks @loader_path/Frameworks";
				PRODUCT_BUNDLE_IDENTIFIER = com.colasoft.PopularMoviesUITests;
				PRODUCT_NAME = "$(TARGET_NAME)";
				TEST_TARGET_NAME = PopularMovies;
			};
			name = Release;
		};
/* End XCBuildConfiguration section */

/* Begin XCConfigurationList section */
		36F3643A1CDD684D00F8CB0A /* Build configuration list for PBXProject "PopularMovies" */ = {
			isa = XCConfigurationList;
			buildConfigurations = (
				36F364621CDD684E00F8CB0A /* Debug */,
				36F364631CDD684E00F8CB0A /* Release */,
			);
			defaultConfigurationIsVisible = 0;
			defaultConfigurationName = Release;
		};
		36F364641CDD684E00F8CB0A /* Build configuration list for PBXNativeTarget "PopularMovies" */ = {
			isa = XCConfigurationList;
			buildConfigurations = (
				36F364651CDD684E00F8CB0A /* Debug */,
				36F364661CDD684E00F8CB0A /* Release */,
			);
			defaultConfigurationIsVisible = 0;
			defaultConfigurationName = Release;
		};
		36F364671CDD684E00F8CB0A /* Build configuration list for PBXNativeTarget "PopularMoviesTests" */ = {
			isa = XCConfigurationList;
			buildConfigurations = (
				36F364681CDD684E00F8CB0A /* Debug */,
				36F364691CDD684E00F8CB0A /* Release */,
			);
			defaultConfigurationIsVisible = 0;
			defaultConfigurationName = Release;
		};
		36F3646A1CDD684E00F8CB0A /* Build configuration list for PBXNativeTarget "PopularMoviesUITests" */ = {
			isa = XCConfigurationList;
			buildConfigurations = (
				36F3646B1CDD684E00F8CB0A /* Debug */,
				36F3646C1CDD684E00F8CB0A /* Release */,
			);
			defaultConfigurationIsVisible = 0;
			defaultConfigurationName = Release;
		};
/* End XCConfigurationList section */
	};
	rootObject = 36F364371CDD684D00F8CB0A /* Project object */;
}
